
Microsoft Visual Studio Solution File, Format Version 12.00
# Visual Studio Version 16
VisualStudioVersion = 16.0.30011.22
MinimumVisualStudioVersion = 10.0.40219.1
Project("{FAE04EC0-301F-11D3-BF4B-00C04F79EFBC}") = "TrainingCSharp", "TrainingCSharp\TrainingCSharp.csproj", "{91F6EE6B-1200-4794-97BB-8720612E9694}"
EndProject
Global
	GlobalSection(SolutionConfigurationPlatforms) = preSolution
		Debug|Any CPU = Debug|Any CPU
		Release|Any CPU = Release|Any CPU
	EndGlobalSection
	GlobalSection(ProjectConfigurationPlatforms) = postSolution
		{91F6EE6B-1200-4794-97BB-8720612E9694}.Debug|Any CPU.ActiveCfg = Debug|Any CPU
		{91F6EE6B-1200-4794-97BB-8720612E9694}.Debug|Any CPU.Build.0 = Debug|Any CPU
		{91F6EE6B-1200-4794-97BB-8720612E9694}.Release|Any CPU.ActiveCfg = Release|Any CPU
		{91F6EE6B-1200-4794-97BB-8720612E9694}.Release|Any CPU.Build.0 = Release|Any CPU
	EndGlobalSection
	GlobalSection(SolutionProperties) = preSolution
		HideSolutionNode = FALSE
	EndGlobalSection
	GlobalSection(ExtensibilityGlobals) = postSolution
		SolutionGuid = {744B699F-A829-41EB-BF75-899B31049BDE}
	EndGlobalSection
EndGlobal
